
Microsoft Visual Studio Solution File, Format Version 12.00
# Visual Studio Version 16
VisualStudioVersion = 16.0.31410.357
MinimumVisualStudioVersion = 10.0.40219.1
Project("{FAE04EC0-301F-11D3-BF4B-00C04F79EFBC}") = "proj1", "proj1\proj1.csproj", "{077EE3D2-50FB-42C8-B5D9-511DC2BB19F3}"
EndProject
Global
	GlobalSection(SolutionConfigurationPlatforms) = preSolution
		Debug|Any CPU = Debug|Any CPU
		Release|Any CPU = Release|Any CPU
	EndGlobalSection
	GlobalSection(ProjectConfigurationPlatforms) = postSolution
		{077EE3D2-50FB-42C8-B5D9-511DC2BB19F3}.Debug|Any CPU.ActiveCfg = Debug|Any CPU
		{077EE3D2-50FB-42C8-B5D9-511DC2BB19F3}.Debug|Any CPU.Build.0 = Debug|Any CPU
		{077EE3D2-50FB-42C8-B5D9-511DC2BB19F3}.Release|Any CPU.ActiveCfg = Release|Any CPU
		{077EE3D2-50FB-42C8-B5D9-511DC2BB19F3}.Release|Any CPU.Build.0 = Release|Any CPU
	EndGlobalSection
	GlobalSection(SolutionProperties) = preSolution
		HideSolutionNode = FALSE
	EndGlobalSection
	GlobalSection(ExtensibilityGlobals) = postSolution
		SolutionGuid = {67D54EEA-D07C-4931-A2F9-18981F13A3E2}
	EndGlobalSection
EndGlobal
